{
  "nodes": {
    "nixpkgs": {
      "locked": {
        "lastModified": 1769741972,
        "narHash": "sha256-RxSg1EioTWNpoLaykiT1UQKTo/K0PPdLqCyQgNjNqWs=",
        "owner": "NixOS",
        "repo": "nixpkgs",
        "rev": "63590ac958a8af30ebd52c7a0309d8c52a94dd77",
        "type": "github"
      },
      "original": {
        "owner": "NixOS",
        "ref": "nixos-25.11",
        "repo": "nixpkgs",
        "type": "github"
      }
    },
    "root": {
      "inputs": {
        "nixpkgs": "nixpkgs"
      }
    }
  },
  "root": "root",
  "version": 7
}
